
Microsoft Visual Studio Solution File, Format Version 12.00
# Visual Studio 2013
VisualStudioVersion = 12.0.31101.0
MinimumVisualStudioVersion = 10.0.40219.1
Project("{FAE04EC0-301F-11D3-BF4B-00C04F79EFBC}") = "ISO_RL_MMO", "Test\ISO_RL_MMO.csproj", "{93EA4AD5-A91D-48F8-8F2A-21FB78893B81}"
EndProject
Global
	GlobalSection(SolutionConfigurationPlatforms) = preSolution
		Debug|x86 = Debug|x86
		Release|x86 = Release|x86
	EndGlobalSection
	GlobalSection(ProjectConfigurationPlatforms) = postSolution
		{93EA4AD5-A91D-48F8-8F2A-21FB78893B81}.Debug|x86.ActiveCfg = Debug|x86
		{93EA4AD5-A91D-48F8-8F2A-21FB78893B81}.Debug|x86.Build.0 = Debug|x86
		{93EA4AD5-A91D-48F8-8F2A-21FB78893B81}.Release|x86.ActiveCfg = Release|x86
		{93EA4AD5-A91D-48F8-8F2A-21FB78893B81}.Release|x86.Build.0 = Release|x86
	EndGlobalSection
	GlobalSection(SolutionProperties) = preSolution
		HideSolutionNode = FALSE
	EndGlobalSection
EndGlobal
